// !$*UTF8*$!
{
	archiveVersion = 1;
	classes = {
	};
	objectVersion = 46;
	objects = {

/* Begin PBXBuildFile section */
		8F4FF9271AF92F3700D74C44 /* CVCalendarKitExtensions.swift in Sources */ = {isa = PBXBuildFile; fileRef = 8F4FF9251AF92F3700D74C44 /* CVCalendarKitExtensions.swift */; };
		8F4FF9281AF92F3700D74C44 /* CVCalendarKitOperators.swift in Sources */ = {isa = PBXBuildFile; fileRef = 8F4FF9261AF92F3700D74C44 /* CVCalendarKitOperators.swift */; };
		8F4FF92C1AF931AB00D74C44 /* main.swift in Sources */ = {isa = PBXBuildFile; fileRef = 8F4FF92B1AF931AB00D74C44 /* main.swift */; };
/* End PBXBuildFile section */

/* Begin PBXCopyFilesBuildPhase section */
		8F4FF9171AF92F0F00D74C44 /* CopyFiles */ = {
			isa = PBXCopyFilesBuildPhase;
			buildActionMask = 2147483647;
			dstPath = /usr/share/man/man1/;
			dstSubfolderSpec = 0;
			files = (
			);
			runOnlyForDeploymentPostprocessing = 1;
		};
/* End PBXCopyFilesBuildPhase section */

/* Begin PBXFileReference section */
		8F4FF9191AF92F0F00D74C44 /* CVCalendarKitDemo */ = {isa = PBXFileReference; explicitFileType = "compiled.mach-o.executable"; includeInIndex = 0; path = CVCalendarKitDemo; sourceTree = BUILT_PRODUCTS_DIR; };
		8F4FF9251AF92F3700D74C44 /* CVCalendarKitExtensions.swift */ = {isa = PBXFileReference; fileEncoding = 4; lastKnownFileType = sourcecode.swift; path = CVCalendarKitExtensions.swift; sourceTree = "<group>"; };
		8F4FF9261AF92F3700D74C44 /* CVCalendarKitOperators.swift */ = {isa = PBXFileReference; fileEncoding = 4; lastKnownFileType = sourcecode.swift; path = CVCalendarKitOperators.swift; sourceTree = "<group>"; };
		8F4FF92A1AF9308900D74C44 /* CVCalendarKitDemo.playground */ = {isa = PBXFileReference; lastKnownFileType = file.playground; name = CVCalendarKitDemo.playground; path = CVCalendarKitDemo/CVCalendarKitDemo.playground; sourceTree = "<group>"; };
		8F4FF92B1AF931AB00D74C44 /* main.swift */ = {isa = PBXFileReference; fileEncoding = 4; lastKnownFileType = sourcecode.swift; path = main.swift; sourceTree = "<group>"; };
/* End PBXFileReference section */

/* Begin PBXFrameworksBuildPhase section */
		8F4FF9161AF92F0F00D74C44 /* Frameworks */ = {
			isa = PBXFrameworksBuildPhase;
			buildActionMask = 2147483647;
			files = (
			);
			runOnlyForDeploymentPostprocessing = 0;
		};
/* End PBXFrameworksBuildPhase section */

/* Begin PBXGroup section */
		8F4FF9101AF92F0F00D74C44 = {
			isa = PBXGroup;
			children = (
				8F4FF91B1AF92F0F00D74C44 /* CVCalendarKitDemo */,
				8F4FF91A1AF92F0F00D74C44 /* Products */,
				8F4FF9241AF92F3700D74C44 /* CVCalendarKit */,
				8F4FF92A1AF9308900D74C44 /* CVCalendarKitDemo.playground */,
			);
			sourceTree = "<group>";
		};
		8F4FF91A1AF92F0F00D74C44 /* Products */ = {
			isa = PBXGroup;
			children = (
				8F4FF9191AF92F0F00D74C44 /* CVCalendarKitDemo */,
			);
			name = Products;
			sourceTree = "<group>";
		};
		8F4FF91B1AF92F0F00D74C44 /* CVCalendarKitDemo */ = {
			isa = PBXGroup;
			children = (
				8F4FF92B1AF931AB00D74C44 /* main.swift */,
			);
			path = CVCalendarKitDemo;
			sourceTree = "<group>";
		};
		8F4FF9241AF92F3700D74C44 /* CVCalendarKit */ = {
			isa = PBXGroup;
			children = (
				8F4FF9251AF92F3700D74C44 /* CVCalendarKitExtensions.swift */,
				8F4FF9261AF92F3700D74C44 /* CVCalendarKitOperators.swift */,
			);
			path = CVCalendarKit;
			sourceTree = "<group>";
		};
/* End PBXGroup section */

/* Begin PBXNativeTarget section */
		8F4FF9181AF92F0F00D74C44 /* CVCalendarKitDemo */ = {
			isa = PBXNativeTarget;
			buildConfigurationList = 8F4FF9201AF92F0F00D74C44 /* Build configuration list for PBXNativeTarget "CVCalendarKitDemo" */;
			buildPhases = (
				8F4FF9151AF92F0F00D74C44 /* Sources */,
				8F4FF9161AF92F0F00D74C44 /* Frameworks */,
				8F4FF9171AF92F0F00D74C44 /* CopyFiles */,
			);
			buildRules = (
			);
			dependencies = (
			);
			name = CVCalendarKitDemo;
			productName = CVCalendarKitDemo;
			productReference = 8F4FF9191AF92F0F00D74C44 /* CVCalendarKitDemo */;
			productType = "com.apple.product-type.tool";
		};
/* End PBXNativeTarget section */

/* Begin PBXProject section */
		8F4FF9111AF92F0F00D74C44 /* Project object */ = {
			isa = PBXProject;
			attributes = {
				LastUpgradeCheck = 0630;
				ORGANIZATIONNAME = Dwive;
				TargetAttributes = {
					8F4FF9181AF92F0F00D74C44 = {
						CreatedOnToolsVersion = 6.3.1;
					};
				};
			};
			buildConfigurationList = 8F4FF9141AF92F0F00D74C44 /* Build configuration list for PBXProject "CVCalendarKitDemo" */;
			compatibilityVersion = "Xcode 3.2";
			developmentRegion = English;
			hasScannedForEncodings = 0;
			knownRegions = (
				en,
			);
			mainGroup = 8F4FF9101AF92F0F00D74C44;
			productRefGroup = 8F4FF91A1AF92F0F00D74C44 /* Products */;
			projectDirPath = "";
			projectRoot = "";
			targets = (
				8F4FF9181AF92F0F00D74C44 /* CVCalendarKitDemo */,
			);
		};
/* End PBXProject section */

/* Begin PBXSourcesBuildPhase section */
		8F4FF9151AF92F0F00D74C44 /* Sources */ = {
			isa = PBXSourcesBuildPhase;
			buildActionMask = 2147483647;
			files = (
				8F4FF9281AF92F3700D74C44 /* CVCalendarKitOperators.swift in Sources */,
				8F4FF9271AF92F3700D74C44 /* CVCalendarKitExtensions.swift in Sources */,
				8F4FF92C1AF931AB00D74C44 /* main.swift in Sources */,
			);
			runOnlyForDeploymentPostprocessing = 0;
		};
/* End PBXSourcesBuildPhase section */

/* Begin XCBuildConfiguration section */
		8F4FF91E1AF92F0F00D74C44 /* Debug */ = {
			isa = XCBuildConfiguration;
			buildSettings = {
				ALWAYS_SEARCH_USER_PATHS = NO;
				CLANG_CXX_LANGUAGE_STANDARD = "gnu++0x";
				CLANG_CXX_LIBRARY = "libc++";
				CLANG_ENABLE_MODULES = YES;
				CLANG_ENABLE_OBJC_ARC = YES;
				CLANG_WARN_BOOL_CONVERSION = YES;
				CLANG_WARN_CONSTANT_CONVERSION = YES;
				CLANG_WARN_DIRECT_OBJC_ISA_USAGE = YES_ERROR;
				CLANG_WARN_EMPTY_BODY = YES;
				CLANG_WARN_ENUM_CONVERSION = YES;
				CLANG_WARN_INT_CONVERSION = YES;
				CLANG_WARN_OBJC_ROOT_CLASS = YES_ERROR;
				CLANG_WARN_UNREACHABLE_CODE = YES;
				CLANG_WARN__DUPLICATE_METHOD_MATCH = YES;
				COPY_PHASE_STRIP = NO;
				DEBUG_INFORMATION_FORMAT = dwarf;
				ENABLE_STRICT_OBJC_MSGSEND = YES;
				GCC_C_LANGUAGE_STANDARD = gnu99;
				GCC_DYNAMIC_NO_PIC = NO;
				GCC_NO_COMMON_BLOCKS = YES;
				GCC_OPTIMIZATION_LEVEL = 0;
				GCC_PREPROCESSOR_DEFINITIONS = (
					"DEBUG=1",
					"$(inherited)",
				);
				GCC_SYMBOLS_PRIVATE_EXTERN = NO;
				GCC_WARN_64_TO_32_BIT_CONVERSION = YES;
				GCC_WARN_ABOUT_RETURN_TYPE = YES_ERROR;
				GCC_WARN_UNDECLARED_SELECTOR = YES;
				GCC_WARN_UNINITIALIZED_AUTOS = YES_AGGRESSIVE;
				GCC_WARN_UNUSED_FUNCTION = YES;
				GCC_WARN_UNUSED_VARIABLE = YES;
				MACOSX_DEPLOYMENT_TARGET = 10.10;
				MTL_ENABLE_DEBUG_INFO = YES;
				ONLY_ACTIVE_ARCH = YES;
				SDKROOT = macosx;
				SWIFT_OPTIMIZATION_LEVEL = "-Onone";
			};
			name = Debug;
		};
		8F4FF91F1AF92F0F00D74C44 /* Release */ = {
			isa = XCBuildConfiguration;
			buildSettings = {
				ALWAYS_SEARCH_USER_PATHS = NO;
				CLANG_CXX_LANGUAGE_STANDARD = "gnu++0x";
				CLANG_CXX_LIBRARY = "libc++";
				CLANG_ENABLE_MODULES = YES;
				CLANG_ENABLE_OBJC_ARC = YES;
				CLANG_WARN_BOOL_CONVERSION = YES;
				CLANG_WARN_CONSTANT_CONVERSION = YES;
				CLANG_WARN_DIRECT_OBJC_ISA_USAGE = YES_ERROR;
				CLANG_WARN_EMPTY_BODY = YES;
				CLANG_WARN_ENUM_CONVERSION = YES;
				CLANG_WARN_INT_CONVERSION = YES;
				CLANG_WARN_OBJC_ROOT_CLASS = YES_ERROR;
				CLANG_WARN_UNREACHABLE_CODE = YES;
				CLANG_WARN__DUPLICATE_METHOD_MATCH = YES;
				COPY_PHASE_STRIP = NO;
				DEBUG_INFORMATION_FORMAT = "dwarf-with-dsym";
				ENABLE_NS_ASSERTIONS = NO;
				ENABLE_STRICT_OBJC_MSGSEND = YES;
				GCC_C_LANGUAGE_STANDARD = gnu99;
				GCC_NO_COMMON_BLOCKS = YES;
				GCC_WARN_64_TO_32_BIT_CONVERSION = YES;
				GCC_WARN_ABOUT_RETURN_TYPE = YES_ERROR;
				GCC_WARN_UNDECLARED_SELECTOR = YES;
				GCC_WARN_UNINITIALIZED_AUTOS = YES_AGGRESSIVE;
				GCC_WARN_UNUSED_FUNCTION = YES;
				GCC_WARN_UNUSED_VARIABLE = YES;
				MACOSX_DEPLOYMENT_TARGET = 10.10;
				MTL_ENABLE_DEBUG_INFO = NO;
				SDKROOT = macosx;
			};
			name = Release;
		};
		8F4FF9211AF92F0F00D74C44 /* Debug */ = {
			isa = XCBuildConfiguration;
			buildSettings = {
				PRODUCT_NAME = "$(TARGET_NAME)";
			};
			name = Debug;
		};
		8F4FF9221AF92F0F00D74C44 /* Release */ = {
			isa = XCBuildConfiguration;
			buildSettings = {
				PRODUCT_NAME = "$(TARGET_NAME)";
			};
			name = Release;
		};
/* End XCBuildConfiguration section */

/* Begin XCConfigurationList section */
		8F4FF9141AF92F0F00D74C44 /* Build configuration list for PBXProject "CVCalendarKitDemo" */ = {
			isa = XCConfigurationList;
			buildConfigurations = (
				8F4FF91E1AF92F0F00D74C44 /* Debug */,
				8F4FF91F1AF92F0F00D74C44 /* Release */,
			);
			defaultConfigurationIsVisible = 0;
			defaultConfigurationName = Release;
		};
		8F4FF9201AF92F0F00D74C44 /* Build configuration list for PBXNativeTarget "CVCalendarKitDemo" */ = {
			isa = XCConfigurationList;
			buildConfigurations = (
				8F4FF9211AF92F0F00D74C44 /* Debug */,
				8F4FF9221AF92F0F00D74C44 /* Release */,
			);
			defaultConfigurationIsVisible = 0;
			defaultConfigurationName = Release;
		};
/* End XCConfigurationList section */
	};
	rootObject = 8F4FF9111AF92F0F00D74C44 /* Project object */;
}
